// !$*UTF8*$!
{
	archiveVersion = 1;
	classes = {
	};
	objectVersion = 50;
	objects = {

/* Begin PBXBuildFile section */
		0BF917362223E67000731152 /* AppDelegate.swift in Sources */ = {isa = PBXBuildFile; fileRef = 0BF917352223E67000731152 /* AppDelegate.swift */; };
		0BF917382223E67000731152 /* ViewController.swift in Sources */ = {isa = PBXBuildFile; fileRef = 0BF917372223E67000731152 /* ViewController.swift */; };
		0BF9173B2223E67000731152 /* Main.storyboard in Resources */ = {isa = PBXBuildFile; fileRef = 0BF917392223E67000731152 /* Main.storyboard */; };
		0BF9173D2223E67100731152 /* Assets.xcassets in Resources */ = {isa = PBXBuildFile; fileRef = 0BF9173C2223E67100731152 /* Assets.xcassets */; };
		0BF917402223E67100731152 /* LaunchScreen.storyboard in Resources */ = {isa = PBXBuildFile; fileRef = 0BF9173E2223E67100731152 /* LaunchScreen.storyboard */; };
		0BF9174B2223E67100731152 /* RamenAppTests.swift in Sources */ = {isa = PBXBuildFile; fileRef = 0BF9174A2223E67100731152 /* RamenAppTests.swift */; };
		0BF917562223E67100731152 /* RamenAppUITests.swift in Sources */ = {isa = PBXBuildFile; fileRef = 0BF917552223E67100731152 /* RamenAppUITests.swift */; };
		0BF917642223EBEC00731152 /* GoogleService-Info.plist in Resources */ = {isa = PBXBuildFile; fileRef = 0BF917632223EBEC00731152 /* GoogleService-Info.plist */; };
		814F404317C4EC246FF97390 /* Pods_RamenAppTests.framework in Frameworks */ = {isa = PBXBuildFile; fileRef = 050A7934666C8FBC75472F15 /* Pods_RamenAppTests.framework */; };
		C304C61A72E977BC9D81D466 /* Pods_RamenAppUITests.framework in Frameworks */ = {isa = PBXBuildFile; fileRef = BCB2C80475180E01B88EF76B /* Pods_RamenAppUITests.framework */; };
		C61A53C0FC2D202193E0A3C3 /* Pods_RamenApp.framework in Frameworks */ = {isa = PBXBuildFile; fileRef = E472D8EF37D156139E53E621 /* Pods_RamenApp.framework */; };
/* End PBXBuildFile section */

/* Begin PBXContainerItemProxy section */
		0BF917472223E67100731152 /* PBXContainerItemProxy */ = {
			isa = PBXContainerItemProxy;
			containerPortal = 0BF9172A2223E67000731152 /* Project object */;
			proxyType = 1;
			remoteGlobalIDString = 0BF917312223E67000731152;
			remoteInfo = RamenApp;
		};
		0BF917522223E67100731152 /* PBXContainerItemProxy */ = {
			isa = PBXContainerItemProxy;
			containerPortal = 0BF9172A2223E67000731152 /* Project object */;
			proxyType = 1;
			remoteGlobalIDString = 0BF917312223E67000731152;
			remoteInfo = RamenApp;
		};
/* End PBXContainerItemProxy section */

/* Begin PBXFileReference section */
		048FE471D474FA4EE4D99117 /* Pods-RamenApp.release.xcconfig */ = {isa = PBXFileReference; includeInIndex = 1; lastKnownFileType = text.xcconfig; name = "Pods-RamenApp.release.xcconfig"; path = "Target Support Files/Pods-RamenApp/Pods-RamenApp.release.xcconfig"; sourceTree = "<group>"; };
		050A7934666C8FBC75472F15 /* Pods_RamenAppTests.framework */ = {isa = PBXFileReference; explicitFileType = wrapper.framework; includeInIndex = 0; path = Pods_RamenAppTests.framework; sourceTree = BUILT_PRODUCTS_DIR; };
		0BF917322223E67000731152 /* RamenApp.app */ = {isa = PBXFileReference; explicitFileType = wrapper.application; includeInIndex = 0; path = RamenApp.app; sourceTree = BUILT_PRODUCTS_DIR; };
		0BF917352223E67000731152 /* AppDelegate.swift */ = {isa = PBXFileReference; lastKnownFileType = sourcecode.swift; path = AppDelegate.swift; sourceTree = "<group>"; };
		0BF917372223E67000731152 /* ViewController.swift */ = {isa = PBXFileReference; lastKnownFileType = sourcecode.swift; path = ViewController.swift; sourceTree = "<group>"; };
		0BF9173A2223E67000731152 /* Base */ = {isa = PBXFileReference; lastKnownFileType = file.storyboard; name = Base; path = Base.lproj/Main.storyboard; sourceTree = "<group>"; };
		0BF9173C2223E67100731152 /* Assets.xcassets */ = {isa = PBXFileReference; lastKnownFileType = folder.assetcatalog; path = Assets.xcassets; sourceTree = "<group>"; };
		0BF9173F2223E67100731152 /* Base */ = {isa = PBXFileReference; lastKnownFileType = file.storyboard; name = Base; path = Base.lproj/LaunchScreen.storyboard; sourceTree = "<group>"; };
		0BF917412223E67100731152 /* Info.plist */ = {isa = PBXFileReference; lastKnownFileType = text.plist.xml; path = Info.plist; sourceTree = "<group>"; };
		0BF917462223E67100731152 /* RamenAppTests.xctest */ = {isa = PBXFileReference; explicitFileType = wrapper.cfbundle; includeInIndex = 0; path = RamenAppTests.xctest; sourceTree = BUILT_PRODUCTS_DIR; };
		0BF9174A2223E67100731152 /* RamenAppTests.swift */ = {isa = PBXFileReference; lastKnownFileType = sourcecode.swift; path = RamenAppTests.swift; sourceTree = "<group>"; };
		0BF9174C2223E67100731152 /* Info.plist */ = {isa = PBXFileReference; lastKnownFileType = text.plist.xml; path = Info.plist; sourceTree = "<group>"; };
		0BF917512223E67100731152 /* RamenAppUITests.xctest */ = {isa = PBXFileReference; explicitFileType = wrapper.cfbundle; includeInIndex = 0; path = RamenAppUITests.xctest; sourceTree = BUILT_PRODUCTS_DIR; };
		0BF917552223E67100731152 /* RamenAppUITests.swift */ = {isa = PBXFileReference; lastKnownFileType = sourcecode.swift; path = RamenAppUITests.swift; sourceTree = "<group>"; };
		0BF917572223E67100731152 /* Info.plist */ = {isa = PBXFileReference; lastKnownFileType = text.plist.xml; path = Info.plist; sourceTree = "<group>"; };
		0BF917632223EBEC00731152 /* GoogleService-Info.plist */ = {isa = PBXFileReference; fileEncoding = 4; lastKnownFileType = text.plist.xml; path = "GoogleService-Info.plist"; sourceTree = "<group>"; };
		11CDAA274AC57865EE21B817 /* Pods-RamenAppUITests.release.xcconfig */ = {isa = PBXFileReference; includeInIndex = 1; lastKnownFileType = text.xcconfig; name = "Pods-RamenAppUITests.release.xcconfig"; path = "Target Support Files/Pods-RamenAppUITests/Pods-RamenAppUITests.release.xcconfig"; sourceTree = "<group>"; };
		44D9E63B8F193ED760CB346A /* Pods-RamenAppTests.debug.xcconfig */ = {isa = PBXFileReference; includeInIndex = 1; lastKnownFileType = text.xcconfig; name = "Pods-RamenAppTests.debug.xcconfig"; path = "Target Support Files/Pods-RamenAppTests/Pods-RamenAppTests.debug.xcconfig"; sourceTree = "<group>"; };
		54476A721523F7674ED34084 /* Pods-RamenAppTests.release.xcconfig */ = {isa = PBXFileReference; includeInIndex = 1; lastKnownFileType = text.xcconfig; name = "Pods-RamenAppTests.release.xcconfig"; path = "Target Support Files/Pods-RamenAppTests/Pods-RamenAppTests.release.xcconfig"; sourceTree = "<group>"; };
		9859203B214A2D55B60E7799 /* Pods-RamenAppUITests.debug.xcconfig */ = {isa = PBXFileReference; includeInIndex = 1; lastKnownFileType = text.xcconfig; name = "Pods-RamenAppUITests.debug.xcconfig"; path = "Target Support Files/Pods-RamenAppUITests/Pods-RamenAppUITests.debug.xcconfig"; sourceTree = "<group>"; };
		BCB2C80475180E01B88EF76B /* Pods_RamenAppUITests.framework */ = {isa = PBXFileReference; explicitFileType = wrapper.framework; includeInIndex = 0; path = Pods_RamenAppUITests.framework; sourceTree = BUILT_PRODUCTS_DIR; };
		BE9692B3EA38CF205CF00FEC /* Pods-RamenApp.debug.xcconfig */ = {isa = PBXFileReference; includeInIndex = 1; lastKnownFileType = text.xcconfig; name = "Pods-RamenApp.debug.xcconfig"; path = "Target Support Files/Pods-RamenApp/Pods-RamenApp.debug.xcconfig"; sourceTree = "<group>"; };
		E472D8EF37D156139E53E621 /* Pods_RamenApp.framework */ = {isa = PBXFileReference; explicitFileType = wrapper.framework; includeInIndex = 0; path = Pods_RamenApp.framework; sourceTree = BUILT_PRODUCTS_DIR; };
/* End PBXFileReference section */

/* Begin PBXFrameworksBuildPhase section */
		0BF9172F2223E67000731152 /* Frameworks */ = {
			isa = PBXFrameworksBuildPhase;
			buildActionMask = 2147483647;
			files = (
				C61A53C0FC2D202193E0A3C3 /* Pods_RamenApp.framework in Frameworks */,
			);
			runOnlyForDeploymentPostprocessing = 0;
		};
		0BF917432223E67100731152 /* Frameworks */ = {
			isa = PBXFrameworksBuildPhase;
			buildActionMask = 2147483647;
			files = (
				814F404317C4EC246FF97390 /* Pods_RamenAppTests.framework in Frameworks */,
			);
			runOnlyForDeploymentPostprocessing = 0;
		};
		0BF9174E2223E67100731152 /* Frameworks */ = {
			isa = PBXFrameworksBuildPhase;
			buildActionMask = 2147483647;
			files = (
				C304C61A72E977BC9D81D466 /* Pods_RamenAppUITests.framework in Frameworks */,
			);
			runOnlyForDeploymentPostprocessing = 0;
		};
/* End PBXFrameworksBuildPhase section */

/* Begin PBXGroup section */
		0174395DF0DA78D6A47217D6 /* Pods */ = {
			isa = PBXGroup;
			children = (
				BE9692B3EA38CF205CF00FEC /* Pods-RamenApp.debug.xcconfig */,
				048FE471D474FA4EE4D99117 /* Pods-RamenApp.release.xcconfig */,
				44D9E63B8F193ED760CB346A /* Pods-RamenAppTests.debug.xcconfig */,
				54476A721523F7674ED34084 /* Pods-RamenAppTests.release.xcconfig */,
				9859203B214A2D55B60E7799 /* Pods-RamenAppUITests.debug.xcconfig */,
				11CDAA274AC57865EE21B817 /* Pods-RamenAppUITests.release.xcconfig */,
			);
			path = Pods;
			sourceTree = "<group>";
		};
		0BF917292223E67000731152 = {
			isa = PBXGroup;
			children = (
				0BF917342223E67000731152 /* RamenApp */,
				0BF917492223E67100731152 /* RamenAppTests */,
				0BF917542223E67100731152 /* RamenAppUITests */,
				0BF917332223E67000731152 /* Products */,
				0174395DF0DA78D6A47217D6 /* Pods */,
				86D29EADF0E74D595759C1D2 /* Frameworks */,
			);
			sourceTree = "<group>";
		};
		0BF917332223E67000731152 /* Products */ = {
			isa = PBXGroup;
			children = (
				0BF917322223E67000731152 /* RamenApp.app */,
				0BF917462223E67100731152 /* RamenAppTests.xctest */,
				0BF917512223E67100731152 /* RamenAppUITests.xctest */,
			);
			name = Products;
			sourceTree = "<group>";
		};
		0BF917342223E67000731152 /* RamenApp */ = {
			isa = PBXGroup;
			children = (
				0BF917352223E67000731152 /* AppDelegate.swift */,
				0BF917372223E67000731152 /* ViewController.swift */,
				0BF917392223E67000731152 /* Main.storyboard */,
				0BF9173C2223E67100731152 /* Assets.xcassets */,
				0BF9173E2223E67100731152 /* LaunchScreen.storyboard */,
				0BF917412223E67100731152 /* Info.plist */,
				0BF917632223EBEC00731152 /* GoogleService-Info.plist */,
			);
			path = RamenApp;
			sourceTree = "<group>";
		};
		0BF917492223E67100731152 /* RamenAppTests */ = {
			isa = PBXGroup;
			children = (
				0BF9174A2223E67100731152 /* RamenAppTests.swift */,
				0BF9174C2223E67100731152 /* Info.plist */,
			);
			path = RamenAppTests;
			sourceTree = "<group>";
		};
		0BF917542223E67100731152 /* RamenAppUITests */ = {
			isa = PBXGroup;
			children = (
				0BF917552223E67100731152 /* RamenAppUITests.swift */,
				0BF917572223E67100731152 /* Info.plist */,
			);
			path = RamenAppUITests;
			sourceTree = "<group>";
		};
		86D29EADF0E74D595759C1D2 /* Frameworks */ = {
			isa = PBXGroup;
			children = (
				E472D8EF37D156139E53E621 /* Pods_RamenApp.framework */,
				050A7934666C8FBC75472F15 /* Pods_RamenAppTests.framework */,
				BCB2C80475180E01B88EF76B /* Pods_RamenAppUITests.framework */,
			);
			name = Frameworks;
			sourceTree = "<group>";
		};
/* End PBXGroup section */

/* Begin PBXNativeTarget section */
		0BF917312223E67000731152 /* RamenApp */ = {
			isa = PBXNativeTarget;
			buildConfigurationList = 0BF9175A2223E67100731152 /* Build configuration list for PBXNativeTarget "RamenApp" */;
			buildPhases = (
				EED1C8943EC5A710151E3DC5 /* [CP] Check Pods Manifest.lock */,
				0BF9172E2223E67000731152 /* Sources */,
				0BF9172F2223E67000731152 /* Frameworks */,
				0BF917302223E67000731152 /* Resources */,
				C7597B9D5A07A060B541586A /* [CP] Embed Pods Frameworks */,
			);
			buildRules = (
			);
			dependencies = (
			);
			name = RamenApp;
			productName = RamenApp;
			productReference = 0BF917322223E67000731152 /* RamenApp.app */;
			productType = "com.apple.product-type.application";
		};
		0BF917452223E67100731152 /* RamenAppTests */ = {
			isa = PBXNativeTarget;
			buildConfigurationList = 0BF9175D2223E67100731152 /* Build configuration list for PBXNativeTarget "RamenAppTests" */;
			buildPhases = (
				AC42FCA46B21DD68065ADCC0 /* [CP] Check Pods Manifest.lock */,
				0BF917422223E67100731152 /* Sources */,
				0BF917432223E67100731152 /* Frameworks */,
				0BF917442223E67100731152 /* Resources */,
			);
			buildRules = (
			);
			dependencies = (
				0BF917482223E67100731152 /* PBXTargetDependency */,
			);
			name = RamenAppTests;
			productName = RamenAppTests;
			productReference = 0BF917462223E67100731152 /* RamenAppTests.xctest */;
			productType = "com.apple.product-type.bundle.unit-test";
		};
		0BF917502223E67100731152 /* RamenAppUITests */ = {
			isa = PBXNativeTarget;
			buildConfigurationList = 0BF917602223E67100731152 /* Build configuration list for PBXNativeTarget "RamenAppUITests" */;
			buildPhases = (
				9F5BD3E76B46C931E2EEEE39 /* [CP] Check Pods Manifest.lock */,
				0BF9174D2223E67100731152 /* Sources */,
				0BF9174E2223E67100731152 /* Frameworks */,
				0BF9174F2223E67100731152 /* Resources */,
			);
			buildRules = (
			);
			dependencies = (
				0BF917532223E67100731152 /* PBXTargetDependency */,
			);
			name = RamenAppUITests;
			productName = RamenAppUITests;
			productReference = 0BF917512223E67100731152 /* RamenAppUITests.xctest */;
			productType = "com.apple.product-type.bundle.ui-testing";
		};
/* End PBXNativeTarget section */

/* Begin PBXProject section */
		0BF9172A2223E67000731152 /* Project object */ = {
			isa = PBXProject;
			attributes = {
				LastSwiftUpdateCheck = 1010;
				LastUpgradeCheck = 1010;
				ORGANIZATIONNAME = ValJapan;
				TargetAttributes = {
					0BF917312223E67000731152 = {
						CreatedOnToolsVersion = 10.1;
					};
					0BF917452223E67100731152 = {
						CreatedOnToolsVersion = 10.1;
						TestTargetID = 0BF917312223E67000731152;
					};
					0BF917502223E67100731152 = {
						CreatedOnToolsVersion = 10.1;
						TestTargetID = 0BF917312223E67000731152;
					};
				};
			};
			buildConfigurationList = 0BF9172D2223E67000731152 /* Build configuration list for PBXProject "RamenApp" */;
			compatibilityVersion = "Xcode 9.3";
			developmentRegion = en;
			hasScannedForEncodings = 0;
			knownRegions = (
				en,
				Base,
			);
			mainGroup = 0BF917292223E67000731152;
			productRefGroup = 0BF917332223E67000731152 /* Products */;
			projectDirPath = "";
			projectRoot = "";
			targets = (
				0BF917312223E67000731152 /* RamenApp */,
				0BF917452223E67100731152 /* RamenAppTests */,
				0BF917502223E67100731152 /* RamenAppUITests */,
			);
		};
/* End PBXProject section */

/* Begin PBXResourcesBuildPhase section */
		0BF917302223E67000731152 /* Resources */ = {
			isa = PBXResourcesBuildPhase;
			buildActionMask = 2147483647;
			files = (
				0BF917402223E67100731152 /* LaunchScreen.storyboard in Resources */,
				0BF917642223EBEC00731152 /* GoogleService-Info.plist in Resources */,
				0BF9173D2223E67100731152 /* Assets.xcassets in Resources */,
				0BF9173B2223E67000731152 /* Main.storyboard in Resources */,
			);
			runOnlyForDeploymentPostprocessing = 0;
		};
		0BF917442223E67100731152 /* Resources */ = {
			isa = PBXResourcesBuildPhase;
			buildActionMask = 2147483647;
			files = (
			);
			runOnlyForDeploymentPostprocessing = 0;
		};
		0BF9174F2223E67100731152 /* Resources */ = {
			isa = PBXResourcesBuildPhase;
			buildActionMask = 2147483647;
			files = (
			);
			runOnlyForDeploymentPostprocessing = 0;
		};
/* End PBXResourcesBuildPhase section */

/* Begin PBXShellScriptBuildPhase section */
		9F5BD3E76B46C931E2EEEE39 /* [CP] Check Pods Manifest.lock */ = {
			isa = PBXShellScriptBuildPhase;
			buildActionMask = 2147483647;
			files = (
			);
			inputFileListPaths = (
			);
			inputPaths = (
				"${PODS_PODFILE_DIR_PATH}/Podfile.lock",
				"${PODS_ROOT}/Manifest.lock",
			);
			name = "[CP] Check Pods Manifest.lock";
			outputFileListPaths = (
			);
			outputPaths = (
				"$(DERIVED_FILE_DIR)/Pods-RamenAppUITests-checkManifestLockResult.txt",
			);
			runOnlyForDeploymentPostprocessing = 0;
			shellPath = /bin/sh;
			shellScript = "diff \"${PODS_PODFILE_DIR_PATH}/Podfile.lock\" \"${PODS_ROOT}/Manifest.lock\" > /dev/null\nif [ $? != 0 ] ; then\n    # print error to STDERR\n    echo \"error: The sandbox is not in sync with the Podfile.lock. Run 'pod install' or update your CocoaPods installation.\" >&2\n    exit 1\nfi\n# This output is used by Xcode 'outputs' to avoid re-running this script phase.\necho \"SUCCESS\" > \"${SCRIPT_OUTPUT_FILE_0}\"\n";
			showEnvVarsInLog = 0;
		};
		AC42FCA46B21DD68065ADCC0 /* [CP] Check Pods Manifest.lock */ = {
			isa = PBXShellScriptBuildPhase;
			buildActionMask = 2147483647;
			files = (
			);
			inputFileListPaths = (
			);
			inputPaths = (
				"${PODS_PODFILE_DIR_PATH}/Podfile.lock",
				"${PODS_ROOT}/Manifest.lock",
			);
			name = "[CP] Check Pods Manifest.lock";
			outputFileListPaths = (
			);
			outputPaths = (
				"$(DERIVED_FILE_DIR)/Pods-RamenAppTests-checkManifestLockResult.txt",
			);
			runOnlyForDeploymentPostprocessing = 0;
			shellPath = /bin/sh;
			shellScript = "diff \"${PODS_PODFILE_DIR_PATH}/Podfile.lock\" \"${PODS_ROOT}/Manifest.lock\" > /dev/null\nif [ $? != 0 ] ; then\n    # print error to STDERR\n    echo \"error: The sandbox is not in sync with the Podfile.lock. Run 'pod install' or update your CocoaPods installation.\" >&2\n    exit 1\nfi\n# This output is used by Xcode 'outputs' to avoid re-running this script phase.\necho \"SUCCESS\" > \"${SCRIPT_OUTPUT_FILE_0}\"\n";
			showEnvVarsInLog = 0;
		};
		C7597B9D5A07A060B541586A /* [CP] Embed Pods Frameworks */ = {
			isa = PBXShellScriptBuildPhase;
			buildActionMask = 2147483647;
			files = (
			);
			inputFileListPaths = (
			);
			inputPaths = (
				"${PODS_ROOT}/Target Support Files/Pods-RamenApp/Pods-RamenApp-frameworks.sh",
				"${BUILT_PRODUCTS_DIR}/BoringSSL-GRPC/openssl_grpc.framework",
				"${BUILT_PRODUCTS_DIR}/GTMSessionFetcher/GTMSessionFetcher.framework",
				"${BUILT_PRODUCTS_DIR}/GoogleUtilities/GoogleUtilities.framework",
				"${BUILT_PRODUCTS_DIR}/Protobuf/Protobuf.framework",
				"${BUILT_PRODUCTS_DIR}/gRPC-C++/grpcpp.framework",
				"${BUILT_PRODUCTS_DIR}/gRPC-Core/grpc.framework",
				"${BUILT_PRODUCTS_DIR}/leveldb-library/leveldb.framework",
				"${BUILT_PRODUCTS_DIR}/nanopb/nanopb.framework",
			);
			name = "[CP] Embed Pods Frameworks";
			outputFileListPaths = (
			);
			outputPaths = (
				"${TARGET_BUILD_DIR}/${FRAMEWORKS_FOLDER_PATH}/openssl_grpc.framework",
				"${TARGET_BUILD_DIR}/${FRAMEWORKS_FOLDER_PATH}/GTMSessionFetcher.framework",
				"${TARGET_BUILD_DIR}/${FRAMEWORKS_FOLDER_PATH}/GoogleUtilities.framework",
				"${TARGET_BUILD_DIR}/${FRAMEWORKS_FOLDER_PATH}/Protobuf.framework",
				"${TARGET_BUILD_DIR}/${FRAMEWORKS_FOLDER_PATH}/grpcpp.framework",
				"${TARGET_BUILD_DIR}/${FRAMEWORKS_FOLDER_PATH}/grpc.framework",
				"${TARGET_BUILD_DIR}/${FRAMEWORKS_FOLDER_PATH}/leveldb.framework",
				"${TARGET_BUILD_DIR}/${FRAMEWORKS_FOLDER_PATH}/nanopb.framework",
			);
			runOnlyForDeploymentPostprocessing = 0;
			shellPath = /bin/sh;
			shellScript = "\"${PODS_ROOT}/Target Support Files/Pods-RamenApp/Pods-RamenApp-frameworks.sh\"\n";
			showEnvVarsInLog = 0;
		};
		EED1C8943EC5A710151E3DC5 /* [CP] Check Pods Manifest.lock */ = {
			isa = PBXShellScriptBuildPhase;
			buildActionMask = 2147483647;
			files = (
			);
			inputFileListPaths = (
			);
			inputPaths = (
				"${PODS_PODFILE_DIR_PATH}/Podfile.lock",
				"${PODS_ROOT}/Manifest.lock",
			);
			name = "[CP] Check Pods Manifest.lock";
			outputFileListPaths = (
			);
			outputPaths = (
				"$(DERIVED_FILE_DIR)/Pods-RamenApp-checkManifestLockResult.txt",
			);
			runOnlyForDeploymentPostprocessing = 0;
			shellPath = /bin/sh;
			shellScript = "diff \"${PODS_PODFILE_DIR_PATH}/Podfile.lock\" \"${PODS_ROOT}/Manifest.lock\" > /dev/null\nif [ $? != 0 ] ; then\n    # print error to STDERR\n    echo \"error: The sandbox is not in sync with the Podfile.lock. Run 'pod install' or update your CocoaPods installation.\" >&2\n    exit 1\nfi\n# This output is used by Xcode 'outputs' to avoid re-running this script phase.\necho \"SUCCESS\" > \"${SCRIPT_OUTPUT_FILE_0}\"\n";
			showEnvVarsInLog = 0;
		};
/* End PBXShellScriptBuildPhase section */

/* Begin PBXSourcesBuildPhase section */
		0BF9172E2223E67000731152 /* Sources */ = {
			isa = PBXSourcesBuildPhase;
			buildActionMask = 2147483647;
			files = (
				0BF917382223E67000731152 /* ViewController.swift in Sources */,
				0BF917362223E67000731152 /* AppDelegate.swift in Sources */,
			);
			runOnlyForDeploymentPostprocessing = 0;
		};
		0BF917422223E67100731152 /* Sources */ = {
			isa = PBXSourcesBuildPhase;
			buildActionMask = 2147483647;
			files = (
				0BF9174B2223E67100731152 /* RamenAppTests.swift in Sources */,
			);
			runOnlyForDeploymentPostprocessing = 0;
		};
		0BF9174D2223E67100731152 /* Sources */ = {
			isa = PBXSourcesBuildPhase;
			buildActionMask = 2147483647;
			files = (
				0BF917562223E67100731152 /* RamenAppUITests.swift in Sources */,
			);
			runOnlyForDeploymentPostprocessing = 0;
		};
/* End PBXSourcesBuildPhase section */

/* Begin PBXTargetDependency section */
		0BF917482223E67100731152 /* PBXTargetDependency */ = {
			isa = PBXTargetDependency;
			target = 0BF917312223E67000731152 /* RamenApp */;
			targetProxy = 0BF917472223E67100731152 /* PBXContainerItemProxy */;
		};
		0BF917532223E67100731152 /* PBXTargetDependency */ = {
			isa = PBXTargetDependency;
			target = 0BF917312223E67000731152 /* RamenApp */;
			targetProxy = 0BF917522223E67100731152 /* PBXContainerItemProxy */;
		};
/* End PBXTargetDependency section */

/* Begin PBXVariantGroup section */
		0BF917392223E67000731152 /* Main.storyboard */ = {
			isa = PBXVariantGroup;
			children = (
				0BF9173A2223E67000731152 /* Base */,
			);
			name = Main.storyboard;
			sourceTree = "<group>";
		};
		0BF9173E2223E67100731152 /* LaunchScreen.storyboard */ = {
			isa = PBXVariantGroup;
			children = (
				0BF9173F2223E67100731152 /* Base */,
			);
			name = LaunchScreen.storyboard;
			sourceTree = "<group>";
		};
/* End PBXVariantGroup section */

/* Begin XCBuildConfiguration section */
		0BF917582223E67100731152 /* Debug */ = {
			isa = XCBuildConfiguration;
			buildSettings = {
				ALWAYS_SEARCH_USER_PATHS = NO;
				CLANG_ANALYZER_NONNULL = YES;
				CLANG_ANALYZER_NUMBER_OBJECT_CONVERSION = YES_AGGRESSIVE;
				CLANG_CXX_LANGUAGE_STANDARD = "gnu++14";
				CLANG_CXX_LIBRARY = "libc++";
				CLANG_ENABLE_MODULES = YES;
				CLANG_ENABLE_OBJC_ARC = YES;
				CLANG_ENABLE_OBJC_WEAK = YES;
				CLANG_WARN_BLOCK_CAPTURE_AUTORELEASING = YES;
				CLANG_WARN_BOOL_CONVERSION = YES;
				CLANG_WARN_COMMA = YES;
				CLANG_WARN_CONSTANT_CONVERSION = YES;
				CLANG_WARN_DEPRECATED_OBJC_IMPLEMENTATIONS = YES;
				CLANG_WARN_DIRECT_OBJC_ISA_USAGE = YES_ERROR;
				CLANG_WARN_DOCUMENTATION_COMMENTS = YES;
				CLANG_WARN_EMPTY_BODY = YES;
				CLANG_WARN_ENUM_CONVERSION = YES;
				CLANG_WARN_INFINITE_RECURSION = YES;
				CLANG_WARN_INT_CONVERSION = YES;
				CLANG_WARN_NON_LITERAL_NULL_CONVERSION = YES;
				CLANG_WARN_OBJC_IMPLICIT_RETAIN_SELF = YES;
				CLANG_WARN_OBJC_LITERAL_CONVERSION = YES;
				CLANG_WARN_OBJC_ROOT_CLASS = YES_ERROR;
				CLANG_WARN_RANGE_LOOP_ANALYSIS = YES;
				CLANG_WARN_STRICT_PROTOTYPES = YES;
				CLANG_WARN_SUSPICIOUS_MOVE = YES;
				CLANG_WARN_UNGUARDED_AVAILABILITY = YES_AGGRESSIVE;
				CLANG_WARN_UNREACHABLE_CODE = YES;
				CLANG_WARN__DUPLICATE_METHOD_MATCH = YES;
				CODE_SIGN_IDENTITY = "iPhone Developer";
				COPY_PHASE_STRIP = NO;
				DEBUG_INFORMATION_FORMAT = dwarf;
				ENABLE_STRICT_OBJC_MSGSEND = YES;
				ENABLE_TESTABILITY = YES;
				GCC_C_LANGUAGE_STANDARD = gnu11;
				GCC_DYNAMIC_NO_PIC = NO;
				GCC_NO_COMMON_BLOCKS = YES;
				GCC_OPTIMIZATION_LEVEL = 0;
				GCC_PREPROCESSOR_DEFINITIONS = (
					"DEBUG=1",
					"$(inherited)",
				);
				GCC_WARN_64_TO_32_BIT_CONVERSION = YES;
				GCC_WARN_ABOUT_RETURN_TYPE = YES_ERROR;
				GCC_WARN_UNDECLARED_SELECTOR = YES;
				GCC_WARN_UNINITIALIZED_AUTOS = YES_AGGRESSIVE;
				GCC_WARN_UNUSED_FUNCTION = YES;
				GCC_WARN_UNUSED_VARIABLE = YES;
				IPHONEOS_DEPLOYMENT_TARGET = 12.1;
				MTL_ENABLE_DEBUG_INFO = INCLUDE_SOURCE;
				MTL_FAST_MATH = YES;
				ONLY_ACTIVE_ARCH = YES;
				SDKROOT = iphoneos;
				SWIFT_ACTIVE_COMPILATION_CONDITIONS = DEBUG;
				SWIFT_OPTIMIZATION_LEVEL = "-Onone";
			};
			name = Debug;
		};
		0BF917592223E67100731152 /* Release */ = {
			isa = XCBuildConfiguration;
			buildSettings = {
				ALWAYS_SEARCH_USER_PATHS = NO;
				CLANG_ANALYZER_NONNULL = YES;
				CLANG_ANALYZER_NUMBER_OBJECT_CONVERSION = YES_AGGRESSIVE;
				CLANG_CXX_LANGUAGE_STANDARD = "gnu++14";
				CLANG_CXX_LIBRARY = "libc++";
				CLANG_ENABLE_MODULES = YES;
				CLANG_ENABLE_OBJC_ARC = YES;
				CLANG_ENABLE_OBJC_WEAK = YES;
				CLANG_WARN_BLOCK_CAPTURE_AUTORELEASING = YES;
				CLANG_WARN_BOOL_CONVERSION = YES;
				CLANG_WARN_COMMA = YES;
				CLANG_WARN_CONSTANT_CONVERSION = YES;
				CLANG_WARN_DEPRECATED_OBJC_IMPLEMENTATIONS = YES;
				CLANG_WARN_DIRECT_OBJC_ISA_USAGE = YES_ERROR;
				CLANG_WARN_DOCUMENTATION_COMMENTS = YES;
				CLANG_WARN_EMPTY_BODY = YES;
				CLANG_WARN_ENUM_CONVERSION = YES;
				CLANG_WARN_INFINITE_RECURSION = YES;
				CLANG_WARN_INT_CONVERSION = YES;
				CLANG_WARN_NON_LITERAL_NULL_CONVERSION = YES;
				CLANG_WARN_OBJC_IMPLICIT_RETAIN_SELF = YES;
				CLANG_WARN_OBJC_LITERAL_CONVERSION = YES;
				CLANG_WARN_OBJC_ROOT_CLASS = YES_ERROR;
				CLANG_WARN_RANGE_LOOP_ANALYSIS = YES;
				CLANG_WARN_STRICT_PROTOTYPES = YES;
				CLANG_WARN_SUSPICIOUS_MOVE = YES;
				CLANG_WARN_UNGUARDED_AVAILABILITY = YES_AGGRESSIVE;
				CLANG_WARN_UNREACHABLE_CODE = YES;
				CLANG_WARN__DUPLICATE_METHOD_MATCH = YES;
				CODE_SIGN_IDENTITY = "iPhone Developer";
				COPY_PHASE_STRIP = NO;
				DEBUG_INFORMATION_FORMAT = "dwarf-with-dsym";
				ENABLE_NS_ASSERTIONS = NO;
				ENABLE_STRICT_OBJC_MSGSEND = YES;
				GCC_C_LANGUAGE_STANDARD = gnu11;
				GCC_NO_COMMON_BLOCKS = YES;
				GCC_WARN_64_TO_32_BIT_CONVERSION = YES;
				GCC_WARN_ABOUT_RETURN_TYPE = YES_ERROR;
				GCC_WARN_UNDECLARED_SELECTOR = YES;
				GCC_WARN_UNINITIALIZED_AUTOS = YES_AGGRESSIVE;
				GCC_WARN_UNUSED_FUNCTION = YES;
				GCC_WARN_UNUSED_VARIABLE = YES;
				IPHONEOS_DEPLOYMENT_TARGET = 12.1;
				MTL_ENABLE_DEBUG_INFO = NO;
				MTL_FAST_MATH = YES;
				SDKROOT = iphoneos;
				SWIFT_COMPILATION_MODE = wholemodule;
				SWIFT_OPTIMIZATION_LEVEL = "-O";
				VALIDATE_PRODUCT = YES;
			};
			name = Release;
		};
		0BF9175B2223E67100731152 /* Debug */ = {
			isa = XCBuildConfiguration;
			baseConfigurationReference = BE9692B3EA38CF205CF00FEC /* Pods-RamenApp.debug.xcconfig */;
			buildSettings = {
				ASSETCATALOG_COMPILER_APPICON_NAME = AppIcon;
				CODE_SIGN_STYLE = Automatic;
				INFOPLIST_FILE = RamenApp/Info.plist;
				LD_RUNPATH_SEARCH_PATHS = (
					"$(inherited)",
					"@executable_path/Frameworks",
				);
				PRODUCT_BUNDLE_IDENTIFIER = com.valjapan.RamenApp;
				PRODUCT_NAME = "$(TARGET_NAME)";
				SWIFT_VERSION = 4.2;
				TARGETED_DEVICE_FAMILY = "1,2";
			};
			name = Debug;
		};
		0BF9175C2223E67100731152 /* Release */ = {
			isa = XCBuildConfiguration;
			baseConfigurationReference = 048FE471D474FA4EE4D99117 /* Pods-RamenApp.release.xcconfig */;
			buildSettings = {
				ASSETCATALOG_COMPILER_APPICON_NAME = AppIcon;
				CODE_SIGN_STYLE = Automatic;
				INFOPLIST_FILE = RamenApp/Info.plist;
				LD_RUNPATH_SEARCH_PATHS = (
					"$(inherited)",
					"@executable_path/Frameworks",
				);
				PRODUCT_BUNDLE_IDENTIFIER = com.valjapan.RamenApp;
				PRODUCT_NAME = "$(TARGET_NAME)";
				SWIFT_VERSION = 4.2;
				TARGETED_DEVICE_FAMILY = "1,2";
			};
			name = Release;
		};
		0BF9175E2223E67100731152 /* Debug */ = {
			isa = XCBuildConfiguration;
			baseConfigurationReference = 44D9E63B8F193ED760CB346A /* Pods-RamenAppTests.debug.xcconfig */;
			buildSettings = {
				ALWAYS_EMBED_SWIFT_STANDARD_LIBRARIES = YES;
				BUNDLE_LOADER = "$(TEST_HOST)";
				CODE_SIGN_STYLE = Automatic;
				INFOPLIST_FILE = RamenAppTests/Info.plist;
				LD_RUNPATH_SEARCH_PATHS = (
					"$(inherited)",
					"@executable_path/Frameworks",
					"@loader_path/Frameworks",
				);
				PRODUCT_BUNDLE_IDENTIFIER = com.valjapan.RamenAppTests;
				PRODUCT_NAME = "$(TARGET_NAME)";
				SWIFT_VERSION = 4.2;
				TARGETED_DEVICE_FAMILY = "1,2";
				TEST_HOST = "$(BUILT_PRODUCTS_DIR)/RamenApp.app/RamenApp";
			};
			name = Debug;
		};
		0BF9175F2223E67100731152 /* Release */ = {
			isa = XCBuildConfiguration;
			baseConfigurationReference = 54476A721523F7674ED34084 /* Pods-RamenAppTests.release.xcconfig */;
			buildSettings = {
				ALWAYS_EMBED_SWIFT_STANDARD_LIBRARIES = YES;
				BUNDLE_LOADER = "$(TEST_HOST)";
				CODE_SIGN_STYLE = Automatic;
				INFOPLIST_FILE = RamenAppTests/Info.plist;
				LD_RUNPATH_SEARCH_PATHS = (
					"$(inherited)",
					"@executable_path/Frameworks",
					"@loader_path/Frameworks",
				);
				PRODUCT_BUNDLE_IDENTIFIER = com.valjapan.RamenAppTests;
				PRODUCT_NAME = "$(TARGET_NAME)";
				SWIFT_VERSION = 4.2;
				TARGETED_DEVICE_FAMILY = "1,2";
				TEST_HOST = "$(BUILT_PRODUCTS_DIR)/RamenApp.app/RamenApp";
			};
			name = Release;
		};
		0BF917612223E67100731152 /* Debug */ = {
			isa = XCBuildConfiguration;
			baseConfigurationReference = 9859203B214A2D55B60E7799 /* Pods-RamenAppUITests.debug.xcconfig */;
			buildSettings = {
				ALWAYS_EMBED_SWIFT_STANDARD_LIBRARIES = YES;
				CODE_SIGN_STYLE = Automatic;
				INFOPLIST_FILE = RamenAppUITests/Info.plist;
				LD_RUNPATH_SEARCH_PATHS = (
					"$(inherited)",
					"@executable_path/Frameworks",
					"@loader_path/Frameworks",
				);
				PRODUCT_BUNDLE_IDENTIFIER = com.valjapan.RamenAppUITests;
				PRODUCT_NAME = "$(TARGET_NAME)";
				SWIFT_VERSION = 4.2;
				TARGETED_DEVICE_FAMILY = "1,2";
				TEST_TARGET_NAME = RamenApp;
			};
			name = Debug;
		};
		0BF917622223E67100731152 /* Release */ = {
			isa = XCBuildConfiguration;
			baseConfigurationReference = 11CDAA274AC57865EE21B817 /* Pods-RamenAppUITests.release.xcconfig */;
			buildSettings = {
				ALWAYS_EMBED_SWIFT_STANDARD_LIBRARIES = YES;
				CODE_SIGN_STYLE = Automatic;
				INFOPLIST_FILE = RamenAppUITests/Info.plist;
				LD_RUNPATH_SEARCH_PATHS = (
					"$(inherited)",
					"@executable_path/Frameworks",
					"@loader_path/Frameworks",
				);
				PRODUCT_BUNDLE_IDENTIFIER = com.valjapan.RamenAppUITests;
				PRODUCT_NAME = "$(TARGET_NAME)";
				SWIFT_VERSION = 4.2;
				TARGETED_DEVICE_FAMILY = "1,2";
				TEST_TARGET_NAME = RamenApp;
			};
			name = Release;
		};
/* End XCBuildConfiguration section */

/* Begin XCConfigurationList section */
		0BF9172D2223E67000731152 /* Build configuration list for PBXProject "RamenApp" */ = {
			isa = XCConfigurationList;
			buildConfigurations = (
				0BF917582223E67100731152 /* Debug */,
				0BF917592223E67100731152 /* Release */,
			);
			defaultConfigurationIsVisible = 0;
			defaultConfigurationName = Release;
		};
		0BF9175A2223E67100731152 /* Build configuration list for PBXNativeTarget "RamenApp" */ = {
			isa = XCConfigurationList;
			buildConfigurations = (
				0BF9175B2223E67100731152 /* Debug */,
				0BF9175C2223E67100731152 /* Release */,
			);
			defaultConfigurationIsVisible = 0;
			defaultConfigurationName = Release;
		};
		0BF9175D2223E67100731152 /* Build configuration list for PBXNativeTarget "RamenAppTests" */ = {
			isa = XCConfigurationList;
			buildConfigurations = (
				0BF9175E2223E67100731152 /* Debug */,
				0BF9175F2223E67100731152 /* Release */,
			);
			defaultConfigurationIsVisible = 0;
			defaultConfigurationName = Release;
		};
		0BF917602223E67100731152 /* Build configuration list for PBXNativeTarget "RamenAppUITests" */ = {
			isa = XCConfigurationList;
			buildConfigurations = (
				0BF917612223E67100731152 /* Debug */,
				0BF917622223E67100731152 /* Release */,
			);
			defaultConfigurationIsVisible = 0;
			defaultConfigurationName = Release;
		};
/* End XCConfigurationList section */
	};
	rootObject = 0BF9172A2223E67000731152 /* Project object */;
}
